
Microsoft Visual Studio Solution File, Format Version 12.00
# Visual Studio Version 17
VisualStudioVersion = 17.4.33205.214
MinimumVisualStudioVersion = 10.0.40219.1
Project("{FAE04EC0-301F-11D3-BF4B-00C04F79EFBC}") = "Locker", "Locker\Locker.csproj", "{D72E14B3-3C98-486A-A930-09C12CFB132A}"
EndProject
Global
	GlobalSection(SolutionConfigurationPlatforms) = preSolution
		Debug|Any CPU = Debug|Any CPU
		Release|Any CPU = Release|Any CPU
	EndGlobalSection
	GlobalSection(ProjectConfigurationPlatforms) = postSolution
		{D72E14B3-3C98-486A-A930-09C12CFB132A}.Debug|Any CPU.ActiveCfg = Debug|Any CPU
		{D72E14B3-3C98-486A-A930-09C12CFB132A}.Debug|Any CPU.Build.0 = Debug|Any CPU
		{D72E14B3-3C98-486A-A930-09C12CFB132A}.Release|Any CPU.ActiveCfg = Release|Any CPU
		{D72E14B3-3C98-486A-A930-09C12CFB132A}.Release|Any CPU.Build.0 = Release|Any CPU
	EndGlobalSection
	GlobalSection(SolutionProperties) = preSolution
		HideSolutionNode = FALSE
	EndGlobalSection
	GlobalSection(ExtensibilityGlobals) = postSolution
		SolutionGuid = {0BE270BA-77D6-466F-92CF-E890AAFF5DE0}
	EndGlobalSection
EndGlobal
